
Microsoft Visual Studio Solution File, Format Version 12.00
# Visual Studio Version 17
VisualStudioVersion = 17.14.36603.0 d17.14
MinimumVisualStudioVersion = 10.0.40219.1
Project("{FAE04EC0-301F-11D3-BF4B-00C04F79EFBC}") = "AspNetMvcRegacyTestSample.Web", "AspNetMvcRegacyTestSample.Web\AspNetMvcRegacyTestSample.Web.csproj", "{1649F389-A2B2-4E16-BFB1-B51B48A803CE}"
EndProject
Project("{FAE04EC0-301F-11D3-BF4B-00C04F79EFBC}") = "AspNetMvcRegacyTestSample.Tests", "AspNetMvcRegacyTestSample.Tests\AspNetMvcRegacyTestSample.Tests.csproj", "{6ACE25FD-C9E4-46AE-9D9D-C2B688D7E3DA}"
EndProject
Global
	GlobalSection(SolutionConfigurationPlatforms) = preSolution
		Debug|Any CPU = Debug|Any CPU
		Release|Any CPU = Release|Any CPU
	EndGlobalSection
	GlobalSection(ProjectConfigurationPlatforms) = postSolution
		{1649F389-A2B2-4E16-BFB1-B51B48A803CE}.Debug|Any CPU.ActiveCfg = Debug|Any CPU
		{1649F389-A2B2-4E16-BFB1-B51B48A803CE}.Debug|Any CPU.Build.0 = Debug|Any CPU
		{1649F389-A2B2-4E16-BFB1-B51B48A803CE}.Release|Any CPU.ActiveCfg = Release|Any CPU
		{1649F389-A2B2-4E16-BFB1-B51B48A803CE}.Release|Any CPU.Build.0 = Release|Any CPU
		{6ACE25FD-C9E4-46AE-9D9D-C2B688D7E3DA}.Debug|Any CPU.ActiveCfg = Debug|Any CPU
		{6ACE25FD-C9E4-46AE-9D9D-C2B688D7E3DA}.Debug|Any CPU.Build.0 = Debug|Any CPU
		{6ACE25FD-C9E4-46AE-9D9D-C2B688D7E3DA}.Release|Any CPU.ActiveCfg = Release|Any CPU
		{6ACE25FD-C9E4-46AE-9D9D-C2B688D7E3DA}.Release|Any CPU.Build.0 = Release|Any CPU
	EndGlobalSection
	GlobalSection(SolutionProperties) = preSolution
		HideSolutionNode = FALSE
	EndGlobalSection
	GlobalSection(ExtensibilityGlobals) = postSolution
		SolutionGuid = {E4DDFB33-D91B-4D7B-BBA5-AEC4DE504FC3}
	EndGlobalSection
EndGlobal
